
Microsoft Visual Studio Solution File, Format Version 12.00
# Visual Studio 15
VisualStudioVersion = 15.0.27004.2009
MinimumVisualStudioVersion = 10.0.40219.1
Project("{9A19103F-16F7-4668-BE54-9A1E7A4F7556}") = "BLTools Dot Net Std 2.0", "BLTools Dot Net Std 2.0\BLTools Dot Net Std 2.0.csproj", "{6CF3E9FE-080C-4536-A716-C18631BBC4E3}"
EndProject
Project("{FAE04EC0-301F-11D3-BF4B-00C04F79EFBC}") = "BLTools Tests 4.7", "BLTools Tests 4.7\BLTools Tests 4.7.csproj", "{26536CDE-8E36-4E3D-B7CF-24E22B2CE80D}"
EndProject
Project("{9A19103F-16F7-4668-BE54-9A1E7A4F7556}") = "BLTools Tests Core 2.0", "BLTools Tests Core 2.0\BLTools Tests Core 2.0.csproj", "{29196319-26C9-42AB-A1D6-D5F2B4CDF02A}"
EndProject
Project("{9A19103F-16F7-4668-BE54-9A1E7A4F7556}") = "BLTools.Data.dns.20", "BLTools.Data.dns.20\BLTools.Data.dns.20.csproj", "{8ECBBA40-045C-4BA1-A0AB-7CFF4593581A}"
EndProject
Project("{9A19103F-16F7-4668-BE54-9A1E7A4F7556}") = "BLTools.DataModels.dns.20", "BLTools.DataModels.dns.20\BLTools.DataModels.dns.20.csproj", "{C076CD3F-E425-46FD-95FC-D24B0EDC4AF3}"
EndProject
Project("{9A19103F-16F7-4668-BE54-9A1E7A4F7556}") = "BLTools.SQL.dns.20", "BLTools.SQL.dns.20\BLTools.SQL.dns.20.csproj", "{BAAF5E42-6469-4AC4-820A-BBB28C10FF15}"
EndProject
Project("{9A19103F-16F7-4668-BE54-9A1E7A4F7556}") = "BLTools.Json.dns.20", "BLTools.Json.dns.20\BLTools.Json.dns.20.csproj", "{AA6ECE0A-43B8-4C8B-ABE0-0171F953426E}"
EndProject
Global
	GlobalSection(SolutionConfigurationPlatforms) = preSolution
		Debug|Any CPU = Debug|Any CPU
		Release|Any CPU = Release|Any CPU
	EndGlobalSection
	GlobalSection(ProjectConfigurationPlatforms) = postSolution
		{6CF3E9FE-080C-4536-A716-C18631BBC4E3}.Debug|Any CPU.ActiveCfg = Debug|Any CPU
		{6CF3E9FE-080C-4536-A716-C18631BBC4E3}.Debug|Any CPU.Build.0 = Debug|Any CPU
		{6CF3E9FE-080C-4536-A716-C18631BBC4E3}.Release|Any CPU.ActiveCfg = Release|Any CPU
		{6CF3E9FE-080C-4536-A716-C18631BBC4E3}.Release|Any CPU.Build.0 = Release|Any CPU
		{26536CDE-8E36-4E3D-B7CF-24E22B2CE80D}.Debug|Any CPU.ActiveCfg = Debug|Any CPU
		{26536CDE-8E36-4E3D-B7CF-24E22B2CE80D}.Debug|Any CPU.Build.0 = Debug|Any CPU
		{26536CDE-8E36-4E3D-B7CF-24E22B2CE80D}.Release|Any CPU.ActiveCfg = Release|Any CPU
		{26536CDE-8E36-4E3D-B7CF-24E22B2CE80D}.Release|Any CPU.Build.0 = Release|Any CPU
		{29196319-26C9-42AB-A1D6-D5F2B4CDF02A}.Debug|Any CPU.ActiveCfg = Debug|Any CPU
		{29196319-26C9-42AB-A1D6-D5F2B4CDF02A}.Debug|Any CPU.Build.0 = Debug|Any CPU
		{29196319-26C9-42AB-A1D6-D5F2B4CDF02A}.Release|Any CPU.ActiveCfg = Release|Any CPU
		{29196319-26C9-42AB-A1D6-D5F2B4CDF02A}.Release|Any CPU.Build.0 = Release|Any CPU
		{8ECBBA40-045C-4BA1-A0AB-7CFF4593581A}.Debug|Any CPU.ActiveCfg = Debug|Any CPU
		{8ECBBA40-045C-4BA1-A0AB-7CFF4593581A}.Debug|Any CPU.Build.0 = Debug|Any CPU
		{8ECBBA40-045C-4BA1-A0AB-7CFF4593581A}.Release|Any CPU.ActiveCfg = Release|Any CPU
		{8ECBBA40-045C-4BA1-A0AB-7CFF4593581A}.Release|Any CPU.Build.0 = Release|Any CPU
		{C076CD3F-E425-46FD-95FC-D24B0EDC4AF3}.Debug|Any CPU.ActiveCfg = Debug|Any CPU
		{C076CD3F-E425-46FD-95FC-D24B0EDC4AF3}.Debug|Any CPU.Build.0 = Debug|Any CPU
		{C076CD3F-E425-46FD-95FC-D24B0EDC4AF3}.Release|Any CPU.ActiveCfg = Release|Any CPU
		{C076CD3F-E425-46FD-95FC-D24B0EDC4AF3}.Release|Any CPU.Build.0 = Release|Any CPU
		{BAAF5E42-6469-4AC4-820A-BBB28C10FF15}.Debug|Any CPU.ActiveCfg = Debug|Any CPU
		{BAAF5E42-6469-4AC4-820A-BBB28C10FF15}.Debug|Any CPU.Build.0 = Debug|Any CPU
		{BAAF5E42-6469-4AC4-820A-BBB28C10FF15}.Release|Any CPU.ActiveCfg = Release|Any CPU
		{BAAF5E42-6469-4AC4-820A-BBB28C10FF15}.Release|Any CPU.Build.0 = Release|Any CPU
		{AA6ECE0A-43B8-4C8B-ABE0-0171F953426E}.Debug|Any CPU.ActiveCfg = Debug|Any CPU
		{AA6ECE0A-43B8-4C8B-ABE0-0171F953426E}.Debug|Any CPU.Build.0 = Debug|Any CPU
		{AA6ECE0A-43B8-4C8B-ABE0-0171F953426E}.Release|Any CPU.ActiveCfg = Release|Any CPU
		{AA6ECE0A-43B8-4C8B-ABE0-0171F953426E}.Release|Any CPU.Build.0 = Release|Any CPU
	EndGlobalSection
	GlobalSection(SolutionProperties) = preSolution
		HideSolutionNode = FALSE
	EndGlobalSection
	GlobalSection(ExtensibilityGlobals) = postSolution
		SolutionGuid = {2EC6B492-95CC-4DEA-BEB1-A34D128AD9D4}
	EndGlobalSection
EndGlobal
